
Microsoft Visual Studio Solution File, Format Version 12.00
# Visual Studio Version 17
VisualStudioVersion = 17.5.002.0
MinimumVisualStudioVersion = 10.0.40219.1
Project("{9A19103F-16F7-4668-BE54-9A1E7A4F7556}") = "HelloWorld", "HelloWorld.csproj", "{C0555779-9EFD-4B77-BE66-7C8800BED247}"
EndProject
Global
	GlobalSection(SolutionConfigurationPlatforms) = preSolution
		Debug|Any CPU = Debug|Any CPU
		Release|Any CPU = Release|Any CPU
	EndGlobalSection
	GlobalSection(ProjectConfigurationPlatforms) = postSolution
		{C0555779-9EFD-4B77-BE66-7C8800BED247}.Debug|Any CPU.ActiveCfg = Debug|Any CPU
		{C0555779-9EFD-4B77-BE66-7C8800BED247}.Debug|Any CPU.Build.0 = Debug|Any CPU
		{C0555779-9EFD-4B77-BE66-7C8800BED247}.Release|Any CPU.ActiveCfg = Release|Any CPU
		{C0555779-9EFD-4B77-BE66-7C8800BED247}.Release|Any CPU.Build.0 = Release|Any CPU
	EndGlobalSection
	GlobalSection(SolutionProperties) = preSolution
		HideSolutionNode = FALSE
	EndGlobalSection
	GlobalSection(ExtensibilityGlobals) = postSolution
		SolutionGuid = {85B76A68-FC7F-4A2B-A3B8-4ABBD4A9129E}
	EndGlobalSection
EndGlobal
