
Microsoft Visual Studio Solution File, Format Version 12.00
# Visual Studio Version 17
VisualStudioVersion = 17.5.002.0
MinimumVisualStudioVersion = 10.0.40219.1
Project("{9A19103F-16F7-4668-BE54-9A1E7A4F7556}") = "AnnalynsInfiltration", "AnnalynsInfiltration.csproj", "{8E4EF11E-1FDF-4EFF-9F61-F74E3E57C490}"
EndProject
Global
	GlobalSection(SolutionConfigurationPlatforms) = preSolution
		Debug|Any CPU = Debug|Any CPU
		Release|Any CPU = Release|Any CPU
	EndGlobalSection
	GlobalSection(ProjectConfigurationPlatforms) = postSolution
		{8E4EF11E-1FDF-4EFF-9F61-F74E3E57C490}.Debug|Any CPU.ActiveCfg = Debug|Any CPU
		{8E4EF11E-1FDF-4EFF-9F61-F74E3E57C490}.Debug|Any CPU.Build.0 = Debug|Any CPU
		{8E4EF11E-1FDF-4EFF-9F61-F74E3E57C490}.Release|Any CPU.ActiveCfg = Release|Any CPU
		{8E4EF11E-1FDF-4EFF-9F61-F74E3E57C490}.Release|Any CPU.Build.0 = Release|Any CPU
	EndGlobalSection
	GlobalSection(SolutionProperties) = preSolution
		HideSolutionNode = FALSE
	EndGlobalSection
	GlobalSection(ExtensibilityGlobals) = postSolution
		SolutionGuid = {8213F1AF-EA35-48DA-9F71-96ADF8025DCF}
	EndGlobalSection
EndGlobal
